
Microsoft Visual Studio Solution File, Format Version 12.00
# Visual Studio 15
VisualStudioVersion = 15.0.27130.0
MinimumVisualStudioVersion = 10.0.40219.1
Project("{FAE04EC0-301F-11D3-BF4B-00C04F79EFBC}") = "TODO", "TODO\TODO.csproj", "{83FCAFC0-8451-426A-98FC-D2198AC694EB}"
EndProject
Global
	GlobalSection(SolutionConfigurationPlatforms) = preSolution
		Debug|Any CPU = Debug|Any CPU
		Release|Any CPU = Release|Any CPU
	EndGlobalSection
	GlobalSection(ProjectConfigurationPlatforms) = postSolution
		{83FCAFC0-8451-426A-98FC-D2198AC694EB}.Debug|Any CPU.ActiveCfg = Debug|Any CPU
		{83FCAFC0-8451-426A-98FC-D2198AC694EB}.Debug|Any CPU.Build.0 = Debug|Any CPU
		{83FCAFC0-8451-426A-98FC-D2198AC694EB}.Release|Any CPU.ActiveCfg = Release|Any CPU
		{83FCAFC0-8451-426A-98FC-D2198AC694EB}.Release|Any CPU.Build.0 = Release|Any CPU
	EndGlobalSection
	GlobalSection(SolutionProperties) = preSolution
		HideSolutionNode = FALSE
	EndGlobalSection
	GlobalSection(ExtensibilityGlobals) = postSolution
		SolutionGuid = {E6ACCECB-4293-435D-9F2C-434DD4BD4485}
	EndGlobalSection
EndGlobal
